
Microsoft Visual Studio Solution File, Format Version 12.00
# Visual Studio Version 17
VisualStudioVersion = 17.12.35514.174
MinimumVisualStudioVersion = 10.0.40219.1
Project("{2150E333-8FDC-42A3-9474-1A3956D46DE8}") = "Presentation", "Presentation", "{AABD7907-1C09-4975-98D5-971E8B88F061}"
EndProject
Project("{FAE04EC0-301F-11D3-BF4B-00C04F79EFBC}") = "TfdThreeTier.API", "TfdThreeTier.API\TfdThreeTier.API.csproj", "{2D2AD3DC-4D12-4654-935E-9B197D45BB08}"
EndProject
Project("{FAE04EC0-301F-11D3-BF4B-00C04F79EFBC}") = "TfdThreeTier.Client", "TfdThreeTier.Client\TfdThreeTier.Client.csproj", "{17829F3D-00D9-461E-9EA5-B47099BBB42C}"
EndProject
Project("{FAE04EC0-301F-11D3-BF4B-00C04F79EFBC}") = "TfdThreeTier.DataAccess", "TfdThreeTier.DataAccess\TfdThreeTier.DataAccess.csproj", "{6947F947-3E54-48C8-B566-B3F23390786F}"
EndProject
Project("{FAE04EC0-301F-11D3-BF4B-00C04F79EFBC}") = "TfdThreeTier.BuisnessLogic", "TfdThreeTier.BuisnessLogic\TfdThreeTier.BuisnessLogic.csproj", "{5276747A-94C8-4220-8132-632AEE0BDAE1}"
EndProject
Global
	GlobalSection(SolutionConfigurationPlatforms) = preSolution
		Debug|Any CPU = Debug|Any CPU
		Release|Any CPU = Release|Any CPU
	EndGlobalSection
	GlobalSection(ProjectConfigurationPlatforms) = postSolution
		{2D2AD3DC-4D12-4654-935E-9B197D45BB08}.Debug|Any CPU.ActiveCfg = Debug|Any CPU
		{2D2AD3DC-4D12-4654-935E-9B197D45BB08}.Debug|Any CPU.Build.0 = Debug|Any CPU
		{2D2AD3DC-4D12-4654-935E-9B197D45BB08}.Release|Any CPU.ActiveCfg = Release|Any CPU
		{2D2AD3DC-4D12-4654-935E-9B197D45BB08}.Release|Any CPU.Build.0 = Release|Any CPU
		{17829F3D-00D9-461E-9EA5-B47099BBB42C}.Debug|Any CPU.ActiveCfg = Debug|Any CPU
		{17829F3D-00D9-461E-9EA5-B47099BBB42C}.Debug|Any CPU.Build.0 = Debug|Any CPU
		{17829F3D-00D9-461E-9EA5-B47099BBB42C}.Release|Any CPU.ActiveCfg = Release|Any CPU
		{17829F3D-00D9-461E-9EA5-B47099BBB42C}.Release|Any CPU.Build.0 = Release|Any CPU
		{6947F947-3E54-48C8-B566-B3F23390786F}.Debug|Any CPU.ActiveCfg = Debug|Any CPU
		{6947F947-3E54-48C8-B566-B3F23390786F}.Debug|Any CPU.Build.0 = Debug|Any CPU
		{6947F947-3E54-48C8-B566-B3F23390786F}.Release|Any CPU.ActiveCfg = Release|Any CPU
		{6947F947-3E54-48C8-B566-B3F23390786F}.Release|Any CPU.Build.0 = Release|Any CPU
		{5276747A-94C8-4220-8132-632AEE0BDAE1}.Debug|Any CPU.ActiveCfg = Debug|Any CPU
		{5276747A-94C8-4220-8132-632AEE0BDAE1}.Debug|Any CPU.Build.0 = Debug|Any CPU
		{5276747A-94C8-4220-8132-632AEE0BDAE1}.Release|Any CPU.ActiveCfg = Release|Any CPU
		{5276747A-94C8-4220-8132-632AEE0BDAE1}.Release|Any CPU.Build.0 = Release|Any CPU
	EndGlobalSection
	GlobalSection(SolutionProperties) = preSolution
		HideSolutionNode = FALSE
	EndGlobalSection
	GlobalSection(NestedProjects) = preSolution
		{2D2AD3DC-4D12-4654-935E-9B197D45BB08} = {AABD7907-1C09-4975-98D5-971E8B88F061}
		{17829F3D-00D9-461E-9EA5-B47099BBB42C} = {AABD7907-1C09-4975-98D5-971E8B88F061}
	EndGlobalSection
EndGlobal
